
Microsoft Visual Studio Solution File, Format Version 12.00
# Visual Studio Version 16
VisualStudioVersion = 16.0.30907.101
MinimumVisualStudioVersion = 10.0.40219.1
Project("{9A19103F-16F7-4668-BE54-9A1E7A4F7556}") = "VariableInputConversionExample", "VariableInputConversionExample\VariableInputConversionExample.csproj", "{6F0C92BE-0F14-4612-821D-409765EE209E}"
EndProject
Project("{9A19103F-16F7-4668-BE54-9A1E7A4F7556}") = "FizzBuzz", "FizzBuzz\FizzBuzz.csproj", "{39C5CE92-568C-439A-A0A0-C62101D8E72C}"
EndProject
Project("{FAE04EC0-301F-11D3-BF4B-00C04F79EFBC}") = "Loops", "Loops\Loops.csproj", "{D37DE6CB-11DA-4A17-8164-2F4CE0F2A335}"
EndProject
Project("{9A19103F-16F7-4668-BE54-9A1E7A4F7556}") = "Loops_For2", "Loops_For2\Loops_For2.csproj", "{C20A69DE-A8A4-4696-87E6-DDD4F86A0C21}"
EndProject
Project("{9A19103F-16F7-4668-BE54-9A1E7A4F7556}") = "File_Import", "File_Import\File_Import.csproj", "{573328AB-A738-4482-BDB2-7D738A71BD1A}"
EndProject
Project("{9A19103F-16F7-4668-BE54-9A1E7A4F7556}") = "StringManipulation", "StringManipulation\StringManipulation.csproj", "{176F1366-CD82-4AE7-B755-5635EAAACB1D}"
EndProject
Project("{9A19103F-16F7-4668-BE54-9A1E7A4F7556}") = "ParallelArrays", "ParallelArrays\ParallelArrays.csproj", "{E86B6D40-72A1-44B2-AC1F-541EE39A1816}"
EndProject
Project("{9A19103F-16F7-4668-BE54-9A1E7A4F7556}") = "Dictionary", "Dictionary\Dictionary.csproj", "{D1601398-5EB6-4B30-8D7A-0A601F07AD44}"
EndProject
Project("{9A19103F-16F7-4668-BE54-9A1E7A4F7556}") = "Lists", "Lists\Lists.csproj", "{5C7327EE-245E-4A8B-9D9A-D63C163C274E}"
EndProject
Project("{FAE04EC0-301F-11D3-BF4B-00C04F79EFBC}") = "File_ParsingData", "File_ParsingDate\File_ParsingData.csproj", "{2C212016-EA29-4BF6-A2CE-EA85606769E7}"
EndProject
Global
	GlobalSection(SolutionConfigurationPlatforms) = preSolution
		Debug|Any CPU = Debug|Any CPU
		Release|Any CPU = Release|Any CPU
	EndGlobalSection
	GlobalSection(ProjectConfigurationPlatforms) = postSolution
		{6F0C92BE-0F14-4612-821D-409765EE209E}.Debug|Any CPU.ActiveCfg = Debug|Any CPU
		{6F0C92BE-0F14-4612-821D-409765EE209E}.Debug|Any CPU.Build.0 = Debug|Any CPU
		{6F0C92BE-0F14-4612-821D-409765EE209E}.Release|Any CPU.ActiveCfg = Release|Any CPU
		{6F0C92BE-0F14-4612-821D-409765EE209E}.Release|Any CPU.Build.0 = Release|Any CPU
		{39C5CE92-568C-439A-A0A0-C62101D8E72C}.Debug|Any CPU.ActiveCfg = Debug|Any CPU
		{39C5CE92-568C-439A-A0A0-C62101D8E72C}.Debug|Any CPU.Build.0 = Debug|Any CPU
		{39C5CE92-568C-439A-A0A0-C62101D8E72C}.Release|Any CPU.ActiveCfg = Release|Any CPU
		{39C5CE92-568C-439A-A0A0-C62101D8E72C}.Release|Any CPU.Build.0 = Release|Any CPU
		{D37DE6CB-11DA-4A17-8164-2F4CE0F2A335}.Debug|Any CPU.ActiveCfg = Debug|Any CPU
		{D37DE6CB-11DA-4A17-8164-2F4CE0F2A335}.Debug|Any CPU.Build.0 = Debug|Any CPU
		{D37DE6CB-11DA-4A17-8164-2F4CE0F2A335}.Release|Any CPU.ActiveCfg = Release|Any CPU
		{D37DE6CB-11DA-4A17-8164-2F4CE0F2A335}.Release|Any CPU.Build.0 = Release|Any CPU
		{C20A69DE-A8A4-4696-87E6-DDD4F86A0C21}.Debug|Any CPU.ActiveCfg = Debug|Any CPU
		{C20A69DE-A8A4-4696-87E6-DDD4F86A0C21}.Debug|Any CPU.Build.0 = Debug|Any CPU
		{C20A69DE-A8A4-4696-87E6-DDD4F86A0C21}.Release|Any CPU.ActiveCfg = Release|Any CPU
		{C20A69DE-A8A4-4696-87E6-DDD4F86A0C21}.Release|Any CPU.Build.0 = Release|Any CPU
		{573328AB-A738-4482-BDB2-7D738A71BD1A}.Debug|Any CPU.ActiveCfg = Debug|Any CPU
		{573328AB-A738-4482-BDB2-7D738A71BD1A}.Debug|Any CPU.Build.0 = Debug|Any CPU
		{573328AB-A738-4482-BDB2-7D738A71BD1A}.Release|Any CPU.ActiveCfg = Release|Any CPU
		{573328AB-A738-4482-BDB2-7D738A71BD1A}.Release|Any CPU.Build.0 = Release|Any CPU
		{176F1366-CD82-4AE7-B755-5635EAAACB1D}.Debug|Any CPU.ActiveCfg = Debug|Any CPU
		{176F1366-CD82-4AE7-B755-5635EAAACB1D}.Debug|Any CPU.Build.0 = Debug|Any CPU
		{176F1366-CD82-4AE7-B755-5635EAAACB1D}.Release|Any CPU.ActiveCfg = Release|Any CPU
		{176F1366-CD82-4AE7-B755-5635EAAACB1D}.Release|Any CPU.Build.0 = Release|Any CPU
		{E86B6D40-72A1-44B2-AC1F-541EE39A1816}.Debug|Any CPU.ActiveCfg = Debug|Any CPU
		{E86B6D40-72A1-44B2-AC1F-541EE39A1816}.Debug|Any CPU.Build.0 = Debug|Any CPU
		{E86B6D40-72A1-44B2-AC1F-541EE39A1816}.Release|Any CPU.ActiveCfg = Release|Any CPU
		{E86B6D40-72A1-44B2-AC1F-541EE39A1816}.Release|Any CPU.Build.0 = Release|Any CPU
		{D1601398-5EB6-4B30-8D7A-0A601F07AD44}.Debug|Any CPU.ActiveCfg = Debug|Any CPU
		{D1601398-5EB6-4B30-8D7A-0A601F07AD44}.Debug|Any CPU.Build.0 = Debug|Any CPU
		{D1601398-5EB6-4B30-8D7A-0A601F07AD44}.Release|Any CPU.ActiveCfg = Release|Any CPU
		{D1601398-5EB6-4B30-8D7A-0A601F07AD44}.Release|Any CPU.Build.0 = Release|Any CPU
		{5C7327EE-245E-4A8B-9D9A-D63C163C274E}.Debug|Any CPU.ActiveCfg = Debug|Any CPU
		{5C7327EE-245E-4A8B-9D9A-D63C163C274E}.Debug|Any CPU.Build.0 = Debug|Any CPU
		{5C7327EE-245E-4A8B-9D9A-D63C163C274E}.Release|Any CPU.ActiveCfg = Release|Any CPU
		{5C7327EE-245E-4A8B-9D9A-D63C163C274E}.Release|Any CPU.Build.0 = Release|Any CPU
		{2C212016-EA29-4BF6-A2CE-EA85606769E7}.Debug|Any CPU.ActiveCfg = Debug|Any CPU
		{2C212016-EA29-4BF6-A2CE-EA85606769E7}.Debug|Any CPU.Build.0 = Debug|Any CPU
		{2C212016-EA29-4BF6-A2CE-EA85606769E7}.Release|Any CPU.ActiveCfg = Release|Any CPU
		{2C212016-EA29-4BF6-A2CE-EA85606769E7}.Release|Any CPU.Build.0 = Release|Any CPU
	EndGlobalSection
	GlobalSection(SolutionProperties) = preSolution
		HideSolutionNode = FALSE
	EndGlobalSection
	GlobalSection(ExtensibilityGlobals) = postSolution
		SolutionGuid = {7BAF8D3B-695F-44B6-B8E7-87DA2B531EFD}
	EndGlobalSection
EndGlobal
