
Microsoft Visual Studio Solution File, Format Version 12.00
# Visual Studio Version 16
VisualStudioVersion = 16.0.30907.101
MinimumVisualStudioVersion = 10.0.40219.1
Project("{9A19103F-16F7-4668-BE54-9A1E7A4F7556}") = "VariableInputConversionExample", "VariableInputConversionExample\VariableInputConversionExample.csproj", "{6F0C92BE-0F14-4612-821D-409765EE209E}"
EndProject
Project("{FAE04EC0-301F-11D3-BF4B-00C04F79EFBC}") = "FizzBuzz", "FizzBuzz\FizzBuzz.csproj", "{39C5CE92-568C-439A-A0A0-C62101D8E72C}"
EndProject
Global
	GlobalSection(SolutionConfigurationPlatforms) = preSolution
		Debug|Any CPU = Debug|Any CPU
		Release|Any CPU = Release|Any CPU
	EndGlobalSection
	GlobalSection(ProjectConfigurationPlatforms) = postSolution
		{6F0C92BE-0F14-4612-821D-409765EE209E}.Debug|Any CPU.ActiveCfg = Debug|Any CPU
		{6F0C92BE-0F14-4612-821D-409765EE209E}.Debug|Any CPU.Build.0 = Debug|Any CPU
		{6F0C92BE-0F14-4612-821D-409765EE209E}.Release|Any CPU.ActiveCfg = Release|Any CPU
		{6F0C92BE-0F14-4612-821D-409765EE209E}.Release|Any CPU.Build.0 = Release|Any CPU
		{39C5CE92-568C-439A-A0A0-C62101D8E72C}.Debug|Any CPU.ActiveCfg = Debug|Any CPU
		{39C5CE92-568C-439A-A0A0-C62101D8E72C}.Debug|Any CPU.Build.0 = Debug|Any CPU
		{39C5CE92-568C-439A-A0A0-C62101D8E72C}.Release|Any CPU.ActiveCfg = Release|Any CPU
		{39C5CE92-568C-439A-A0A0-C62101D8E72C}.Release|Any CPU.Build.0 = Release|Any CPU
	EndGlobalSection
	GlobalSection(SolutionProperties) = preSolution
		HideSolutionNode = FALSE
	EndGlobalSection
	GlobalSection(ExtensibilityGlobals) = postSolution
		SolutionGuid = {7BAF8D3B-695F-44B6-B8E7-87DA2B531EFD}
	EndGlobalSection
EndGlobal
